
Microsoft Visual Studio Solution File, Format Version 12.00
# Visual Studio Version 17
VisualStudioVersion = 17.4.33213.308
MinimumVisualStudioVersion = 10.0.40219.1
Project("{2150E333-8FDC-42A3-9474-1A3956D46DE8}") = "Shared", "Shared", "{4EAE94E8-69F8-4FE5-AAFB-7D83E7A30237}"
EndProject
Project("{FAE04EC0-301F-11D3-BF4B-00C04F79EFBC}") = "Utility", "Shared\Utility\Utility.csproj", "{B8D02A3A-0A7E-480C-B34E-C2690638BD28}"
EndProject
Global
	GlobalSection(SolutionConfigurationPlatforms) = preSolution
		Debug|Any CPU = Debug|Any CPU
		Release|Any CPU = Release|Any CPU
	EndGlobalSection
	GlobalSection(ProjectConfigurationPlatforms) = postSolution
		{B8D02A3A-0A7E-480C-B34E-C2690638BD28}.Debug|Any CPU.ActiveCfg = Debug|Any CPU
		{B8D02A3A-0A7E-480C-B34E-C2690638BD28}.Debug|Any CPU.Build.0 = Debug|Any CPU
		{B8D02A3A-0A7E-480C-B34E-C2690638BD28}.Release|Any CPU.ActiveCfg = Release|Any CPU
		{B8D02A3A-0A7E-480C-B34E-C2690638BD28}.Release|Any CPU.Build.0 = Release|Any CPU
	EndGlobalSection
	GlobalSection(SolutionProperties) = preSolution
		HideSolutionNode = FALSE
	EndGlobalSection
	GlobalSection(NestedProjects) = preSolution
		{B8D02A3A-0A7E-480C-B34E-C2690638BD28} = {4EAE94E8-69F8-4FE5-AAFB-7D83E7A30237}
	EndGlobalSection
	GlobalSection(ExtensibilityGlobals) = postSolution
		SolutionGuid = {F33FE5AC-1033-4528-BCF5-3DAA71AC38A3}
	EndGlobalSection
EndGlobal
